
Microsoft Visual Studio Solution File, Format Version 12.00
# Visual Studio 2012
Project("{FAE04EC0-301F-11D3-BF4B-00C04F79EFBC}") = "DuplexServiceContract", "DuplexServiceContract\DuplexServiceContract.csproj", "{A6DFDCEF-5ABF-45FB-ABD2-F1114917501D}"
EndProject
Project("{FAE04EC0-301F-11D3-BF4B-00C04F79EFBC}") = "DuplexService", "DuplexService\DuplexService.csproj", "{3F627BBF-0A5D-48AC-97EE-A5106AA1212E}"
EndProject
Project("{FAE04EC0-301F-11D3-BF4B-00C04F79EFBC}") = "Host", "Host\Host.csproj", "{8B0810D4-16C2-4D19-AF5E-88432B92D0FD}"
EndProject
Project("{FAE04EC0-301F-11D3-BF4B-00C04F79EFBC}") = "Client", "Client\Client.csproj", "{B4AFC350-47FC-4EC6-A53A-18E02F47A4C1}"
EndProject
Global
	GlobalSection(SolutionConfigurationPlatforms) = preSolution
		Debug|Any CPU = Debug|Any CPU
		Release|Any CPU = Release|Any CPU
	EndGlobalSection
	GlobalSection(ProjectConfigurationPlatforms) = postSolution
		{A6DFDCEF-5ABF-45FB-ABD2-F1114917501D}.Debug|Any CPU.ActiveCfg = Debug|Any CPU
		{A6DFDCEF-5ABF-45FB-ABD2-F1114917501D}.Debug|Any CPU.Build.0 = Debug|Any CPU
		{A6DFDCEF-5ABF-45FB-ABD2-F1114917501D}.Release|Any CPU.ActiveCfg = Release|Any CPU
		{A6DFDCEF-5ABF-45FB-ABD2-F1114917501D}.Release|Any CPU.Build.0 = Release|Any CPU
		{3F627BBF-0A5D-48AC-97EE-A5106AA1212E}.Debug|Any CPU.ActiveCfg = Debug|Any CPU
		{3F627BBF-0A5D-48AC-97EE-A5106AA1212E}.Debug|Any CPU.Build.0 = Debug|Any CPU
		{3F627BBF-0A5D-48AC-97EE-A5106AA1212E}.Release|Any CPU.ActiveCfg = Release|Any CPU
		{3F627BBF-0A5D-48AC-97EE-A5106AA1212E}.Release|Any CPU.Build.0 = Release|Any CPU
		{8B0810D4-16C2-4D19-AF5E-88432B92D0FD}.Debug|Any CPU.ActiveCfg = Debug|Any CPU
		{8B0810D4-16C2-4D19-AF5E-88432B92D0FD}.Debug|Any CPU.Build.0 = Debug|Any CPU
		{8B0810D4-16C2-4D19-AF5E-88432B92D0FD}.Release|Any CPU.ActiveCfg = Release|Any CPU
		{8B0810D4-16C2-4D19-AF5E-88432B92D0FD}.Release|Any CPU.Build.0 = Release|Any CPU
		{B4AFC350-47FC-4EC6-A53A-18E02F47A4C1}.Debug|Any CPU.ActiveCfg = Debug|Any CPU
		{B4AFC350-47FC-4EC6-A53A-18E02F47A4C1}.Debug|Any CPU.Build.0 = Debug|Any CPU
		{B4AFC350-47FC-4EC6-A53A-18E02F47A4C1}.Release|Any CPU.ActiveCfg = Release|Any CPU
		{B4AFC350-47FC-4EC6-A53A-18E02F47A4C1}.Release|Any CPU.Build.0 = Release|Any CPU
	EndGlobalSection
	GlobalSection(SolutionProperties) = preSolution
		HideSolutionNode = FALSE
	EndGlobalSection
EndGlobal
