
Microsoft Visual Studio Solution File, Format Version 12.00
# Visual Studio 2012
Project("{FAE04EC0-301F-11D3-BF4B-00C04F79EFBC}") = "HelloIndigo", "HelloIndigo\HelloIndigo.csproj", "{61023F8C-87EC-4E61-8D20-5E229FFA7F7A}"
EndProject
Project("{FAE04EC0-301F-11D3-BF4B-00C04F79EFBC}") = "Client", "Client\Client.csproj", "{36C77DA2-C5AC-421E-BF8F-85F48784407F}"
EndProject
Project("{E24C65DC-7377-472B-9ABA-BC803B73C61A}") = "IISHostedService", "http://localhost/IISHostedService", "{490F0187-E9CC-47B3-ACF5-9DBCF7705F10}"
	ProjectSection(WebsiteProperties) = preProject
		UseIISExpress = "false"
		TargetFrameworkMoniker = ".NETFramework,Version%3Dv3.0"
		ProjectReferences = "{61023f8c-87ec-4e61-8d20-5e229ffa7f7a}|HelloIndigo.dll;"
		Debug.AspNetCompiler.VirtualPath = "/IISHostedService"
		Debug.AspNetCompiler.PhysicalPath = "IISHostedService\"
		Debug.AspNetCompiler.TargetPath = "PrecompiledWeb\IISHostedService\"
		Debug.AspNetCompiler.Updateable = "true"
		Debug.AspNetCompiler.ForceOverwrite = "true"
		Debug.AspNetCompiler.FixedNames = "false"
		Debug.AspNetCompiler.Debug = "True"
		Release.AspNetCompiler.VirtualPath = "/IISHostedService"
		Release.AspNetCompiler.PhysicalPath = "IISHostedService\"
		Release.AspNetCompiler.TargetPath = "PrecompiledWeb\IISHostedService\"
		Release.AspNetCompiler.Updateable = "true"
		Release.AspNetCompiler.ForceOverwrite = "true"
		Release.AspNetCompiler.FixedNames = "false"
		Release.AspNetCompiler.Debug = "False"
		SlnRelativePath = "IISHostedService\"
		DefaultWebSiteLanguage = "Visual C#"
	EndProjectSection
EndProject
Global
	GlobalSection(SolutionConfigurationPlatforms) = preSolution
		Debug|Any CPU = Debug|Any CPU
		Release|Any CPU = Release|Any CPU
	EndGlobalSection
	GlobalSection(ProjectConfigurationPlatforms) = postSolution
		{61023F8C-87EC-4E61-8D20-5E229FFA7F7A}.Debug|Any CPU.ActiveCfg = Debug|Any CPU
		{61023F8C-87EC-4E61-8D20-5E229FFA7F7A}.Debug|Any CPU.Build.0 = Debug|Any CPU
		{61023F8C-87EC-4E61-8D20-5E229FFA7F7A}.Release|Any CPU.ActiveCfg = Release|Any CPU
		{61023F8C-87EC-4E61-8D20-5E229FFA7F7A}.Release|Any CPU.Build.0 = Release|Any CPU
		{36C77DA2-C5AC-421E-BF8F-85F48784407F}.Debug|Any CPU.ActiveCfg = Debug|Any CPU
		{36C77DA2-C5AC-421E-BF8F-85F48784407F}.Debug|Any CPU.Build.0 = Debug|Any CPU
		{36C77DA2-C5AC-421E-BF8F-85F48784407F}.Release|Any CPU.ActiveCfg = Release|Any CPU
		{36C77DA2-C5AC-421E-BF8F-85F48784407F}.Release|Any CPU.Build.0 = Release|Any CPU
		{490F0187-E9CC-47B3-ACF5-9DBCF7705F10}.Debug|Any CPU.ActiveCfg = Debug|Any CPU
		{490F0187-E9CC-47B3-ACF5-9DBCF7705F10}.Debug|Any CPU.Build.0 = Debug|Any CPU
		{490F0187-E9CC-47B3-ACF5-9DBCF7705F10}.Release|Any CPU.ActiveCfg = Debug|Any CPU
		{490F0187-E9CC-47B3-ACF5-9DBCF7705F10}.Release|Any CPU.Build.0 = Debug|Any CPU
	EndGlobalSection
	GlobalSection(SolutionProperties) = preSolution
		HideSolutionNode = FALSE
	EndGlobalSection
EndGlobal
