
Microsoft Visual Studio Solution File, Format Version 12.00
# Visual Studio 2012
Project("{FAE04EC0-301F-11D3-BF4B-00C04F79EFBC}") = "Host", "Host\Host.csproj", "{3753C725-4EF0-4BF1-B9F9-7F4C2585CE32}"
EndProject
Project("{FAE04EC0-301F-11D3-BF4B-00C04F79EFBC}") = "Client", "Client\Client.csproj", "{523D6F6A-7DB2-465F-9FD5-AE97BB762680}"
EndProject
Project("{FAE04EC0-301F-11D3-BF4B-00C04F79EFBC}") = "HelloIndigo", "HelloIndigo\HelloIndigo.csproj", "{15B3E0D2-6217-493A-A690-158C497F5318}"
EndProject
Global
	GlobalSection(SolutionConfigurationPlatforms) = preSolution
		Debug|Any CPU = Debug|Any CPU
		Release|Any CPU = Release|Any CPU
	EndGlobalSection
	GlobalSection(ProjectConfigurationPlatforms) = postSolution
		{3753C725-4EF0-4BF1-B9F9-7F4C2585CE32}.Debug|Any CPU.ActiveCfg = Debug|Any CPU
		{3753C725-4EF0-4BF1-B9F9-7F4C2585CE32}.Debug|Any CPU.Build.0 = Debug|Any CPU
		{3753C725-4EF0-4BF1-B9F9-7F4C2585CE32}.Release|Any CPU.ActiveCfg = Release|Any CPU
		{3753C725-4EF0-4BF1-B9F9-7F4C2585CE32}.Release|Any CPU.Build.0 = Release|Any CPU
		{523D6F6A-7DB2-465F-9FD5-AE97BB762680}.Debug|Any CPU.ActiveCfg = Debug|Any CPU
		{523D6F6A-7DB2-465F-9FD5-AE97BB762680}.Debug|Any CPU.Build.0 = Debug|Any CPU
		{523D6F6A-7DB2-465F-9FD5-AE97BB762680}.Release|Any CPU.ActiveCfg = Release|Any CPU
		{523D6F6A-7DB2-465F-9FD5-AE97BB762680}.Release|Any CPU.Build.0 = Release|Any CPU
		{15B3E0D2-6217-493A-A690-158C497F5318}.Debug|Any CPU.ActiveCfg = Debug|Any CPU
		{15B3E0D2-6217-493A-A690-158C497F5318}.Debug|Any CPU.Build.0 = Debug|Any CPU
		{15B3E0D2-6217-493A-A690-158C497F5318}.Release|Any CPU.ActiveCfg = Release|Any CPU
		{15B3E0D2-6217-493A-A690-158C497F5318}.Release|Any CPU.Build.0 = Release|Any CPU
	EndGlobalSection
	GlobalSection(SolutionProperties) = preSolution
		HideSolutionNode = FALSE
	EndGlobalSection
EndGlobal
