
Microsoft Visual Studio Solution File, Format Version 12.00
# Visual Studio 2012
Project("{FAE04EC0-301F-11D3-BF4B-00C04F79EFBC}") = "MyCalculatorWCFService", "MyCalculatorWCFService\MyCalculatorWCFService.csproj", "{2E0849F2-342F-4631-9485-30D5D6FC6DBA}"
EndProject
Project("{FAE04EC0-301F-11D3-BF4B-00C04F79EFBC}") = "MyCalculatorWCFServiceHost", "MyCalculatorWCFServiceHost\MyCalculatorWCFServiceHost.csproj", "{B6E17BA7-26BE-4BF4-8448-389BB7C71B1D}"
EndProject
Global
	GlobalSection(SolutionConfigurationPlatforms) = preSolution
		Debug|Any CPU = Debug|Any CPU
		Release|Any CPU = Release|Any CPU
	EndGlobalSection
	GlobalSection(ProjectConfigurationPlatforms) = postSolution
		{2E0849F2-342F-4631-9485-30D5D6FC6DBA}.Debug|Any CPU.ActiveCfg = Debug|Any CPU
		{2E0849F2-342F-4631-9485-30D5D6FC6DBA}.Debug|Any CPU.Build.0 = Debug|Any CPU
		{2E0849F2-342F-4631-9485-30D5D6FC6DBA}.Release|Any CPU.ActiveCfg = Release|Any CPU
		{2E0849F2-342F-4631-9485-30D5D6FC6DBA}.Release|Any CPU.Build.0 = Release|Any CPU
		{B6E17BA7-26BE-4BF4-8448-389BB7C71B1D}.Debug|Any CPU.ActiveCfg = Debug|Any CPU
		{B6E17BA7-26BE-4BF4-8448-389BB7C71B1D}.Debug|Any CPU.Build.0 = Debug|Any CPU
		{B6E17BA7-26BE-4BF4-8448-389BB7C71B1D}.Release|Any CPU.ActiveCfg = Release|Any CPU
		{B6E17BA7-26BE-4BF4-8448-389BB7C71B1D}.Release|Any CPU.Build.0 = Release|Any CPU
	EndGlobalSection
	GlobalSection(SolutionProperties) = preSolution
		HideSolutionNode = FALSE
	EndGlobalSection
EndGlobal
